
Microsoft Visual Studio Solution File, Format Version 12.00
# Visual Studio Version 16
VisualStudioVersion = 16.0.29926.136
MinimumVisualStudioVersion = 10.0.40219.1
Project("{FAE04EC0-301F-11D3-BF4B-00C04F79EFBC}") = "ECommerce", "ECommerce\ECommerce.csproj", "{6A5F7BEA-2C67-42E1-BCB4-0A4798E4BB70}"
EndProject
Global
	GlobalSection(SolutionConfigurationPlatforms) = preSolution
		Debug|Any CPU = Debug|Any CPU
		Release|Any CPU = Release|Any CPU
	EndGlobalSection
	GlobalSection(ProjectConfigurationPlatforms) = postSolution
		{6A5F7BEA-2C67-42E1-BCB4-0A4798E4BB70}.Debug|Any CPU.ActiveCfg = Debug|Any CPU
		{6A5F7BEA-2C67-42E1-BCB4-0A4798E4BB70}.Debug|Any CPU.Build.0 = Debug|Any CPU
		{6A5F7BEA-2C67-42E1-BCB4-0A4798E4BB70}.Release|Any CPU.ActiveCfg = Release|Any CPU
		{6A5F7BEA-2C67-42E1-BCB4-0A4798E4BB70}.Release|Any CPU.Build.0 = Release|Any CPU
	EndGlobalSection
	GlobalSection(SolutionProperties) = preSolution
		HideSolutionNode = FALSE
	EndGlobalSection
	GlobalSection(ExtensibilityGlobals) = postSolution
		SolutionGuid = {954B5673-69E5-464B-AB0E-6D8C4D18F24A}
	EndGlobalSection
EndGlobal
